
Microsoft Visual Studio Solution File, Format Version 12.00
# Visual Studio Version 17
VisualStudioVersion = 17.11.35303.130
MinimumVisualStudioVersion = 10.0.40219.1
Project("{9A19103F-16F7-4668-BE54-9A1E7A4F7556}") = "CadastroApi", "CadastroApi\CadastroApi.csproj", "{0C0E1070-56B0-4DDA-A9B6-005A25A7B9AE}"
EndProject
Project("{9A19103F-16F7-4668-BE54-9A1E7A4F7556}") = "UnitTest", "UnitTest\UnitTest.csproj", "{EC479326-584D-417A-9A01-13CB8F23AF27}"
EndProject
Project("{9A19103F-16F7-4668-BE54-9A1E7A4F7556}") = "Application", "Application\Application.csproj", "{2B8984B5-DE4E-49D4-8D20-36B5A2A98C98}"
EndProject
Project("{9A19103F-16F7-4668-BE54-9A1E7A4F7556}") = "Domain", "Domain\Domain.csproj", "{65FAC184-7299-432F-80D2-49DED5A8672B}"
EndProject
Project("{9A19103F-16F7-4668-BE54-9A1E7A4F7556}") = "Infrastructure", "Infrastructure\Infrastructure.csproj", "{42B6CBFC-4547-4433-926B-AF111405C21E}"
EndProject
Project("{2150E333-8FDC-42A3-9474-1A3956D46DE8}") = "Solution Items", "Solution Items", "{FD358E1B-010C-44E9-80A4-90E57A23A69A}"
	ProjectSection(SolutionItems) = preProject
		.dockerignore = .dockerignore
		.gitignore = .gitignore
		docker-compose.yml = docker-compose.yml
		Dockerfile = Dockerfile
		prometheus.yml = prometheus.yml
	EndProjectSection
EndProject
Project("{FAE04EC0-301F-11D3-BF4B-00C04F79EFBC}") = "IntegrationTest", "IntegrationTest\IntegrationTest.csproj", "{8E2B7F15-E837-428F-BF23-76273CAE923F}"
	ProjectSection(ProjectDependencies) = postProject
		{2B8984B5-DE4E-49D4-8D20-36B5A2A98C98} = {2B8984B5-DE4E-49D4-8D20-36B5A2A98C98}
		{42B6CBFC-4547-4433-926B-AF111405C21E} = {42B6CBFC-4547-4433-926B-AF111405C21E}
	EndProjectSection
EndProject
Global
	GlobalSection(SolutionConfigurationPlatforms) = preSolution
		Debug|Any CPU = Debug|Any CPU
		Release|Any CPU = Release|Any CPU
	EndGlobalSection
	GlobalSection(ProjectConfigurationPlatforms) = postSolution
		{0C0E1070-56B0-4DDA-A9B6-005A25A7B9AE}.Debug|Any CPU.ActiveCfg = Debug|Any CPU
		{0C0E1070-56B0-4DDA-A9B6-005A25A7B9AE}.Debug|Any CPU.Build.0 = Debug|Any CPU
		{0C0E1070-56B0-4DDA-A9B6-005A25A7B9AE}.Release|Any CPU.ActiveCfg = Release|Any CPU
		{0C0E1070-56B0-4DDA-A9B6-005A25A7B9AE}.Release|Any CPU.Build.0 = Release|Any CPU
		{EC479326-584D-417A-9A01-13CB8F23AF27}.Debug|Any CPU.ActiveCfg = Debug|Any CPU
		{EC479326-584D-417A-9A01-13CB8F23AF27}.Debug|Any CPU.Build.0 = Debug|Any CPU
		{EC479326-584D-417A-9A01-13CB8F23AF27}.Release|Any CPU.ActiveCfg = Release|Any CPU
		{EC479326-584D-417A-9A01-13CB8F23AF27}.Release|Any CPU.Build.0 = Release|Any CPU
		{2B8984B5-DE4E-49D4-8D20-36B5A2A98C98}.Debug|Any CPU.ActiveCfg = Debug|Any CPU
		{2B8984B5-DE4E-49D4-8D20-36B5A2A98C98}.Debug|Any CPU.Build.0 = Debug|Any CPU
		{2B8984B5-DE4E-49D4-8D20-36B5A2A98C98}.Release|Any CPU.ActiveCfg = Release|Any CPU
		{2B8984B5-DE4E-49D4-8D20-36B5A2A98C98}.Release|Any CPU.Build.0 = Release|Any CPU
		{65FAC184-7299-432F-80D2-49DED5A8672B}.Debug|Any CPU.ActiveCfg = Debug|Any CPU
		{65FAC184-7299-432F-80D2-49DED5A8672B}.Debug|Any CPU.Build.0 = Debug|Any CPU
		{65FAC184-7299-432F-80D2-49DED5A8672B}.Release|Any CPU.ActiveCfg = Release|Any CPU
		{65FAC184-7299-432F-80D2-49DED5A8672B}.Release|Any CPU.Build.0 = Release|Any CPU
		{42B6CBFC-4547-4433-926B-AF111405C21E}.Debug|Any CPU.ActiveCfg = Debug|Any CPU
		{42B6CBFC-4547-4433-926B-AF111405C21E}.Debug|Any CPU.Build.0 = Debug|Any CPU
		{42B6CBFC-4547-4433-926B-AF111405C21E}.Release|Any CPU.ActiveCfg = Release|Any CPU
		{42B6CBFC-4547-4433-926B-AF111405C21E}.Release|Any CPU.Build.0 = Release|Any CPU
		{8E2B7F15-E837-428F-BF23-76273CAE923F}.Debug|Any CPU.ActiveCfg = Debug|Any CPU
		{8E2B7F15-E837-428F-BF23-76273CAE923F}.Debug|Any CPU.Build.0 = Debug|Any CPU
		{8E2B7F15-E837-428F-BF23-76273CAE923F}.Release|Any CPU.ActiveCfg = Release|Any CPU
		{8E2B7F15-E837-428F-BF23-76273CAE923F}.Release|Any CPU.Build.0 = Release|Any CPU
	EndGlobalSection
	GlobalSection(SolutionProperties) = preSolution
		HideSolutionNode = FALSE
	EndGlobalSection
	GlobalSection(ExtensibilityGlobals) = postSolution
		SolutionGuid = {DEDE1AE8-8835-4441-8EA3-0D625414C5C3}
	EndGlobalSection
EndGlobal
